
Microsoft Visual Studio Solution File, Format Version 12.00
# Visual Studio 14
VisualStudioVersion = 14.0.25420.1
MinimumVisualStudioVersion = 10.0.40219.1
Project("{FAE04EC0-301F-11D3-BF4B-00C04F79EFBC}") = "NlogDemo", "NlogDemo\NlogDemo.csproj", "{D758F512-E841-413D-BD9D-C368D5FDF3E2}"
EndProject
Project("{2150E333-8FDC-42A3-9474-1A3956D46DE8}") = "Log", "Log", "{D0C7646F-5338-450C-9F19-67D42359F4AA}"
EndProject
Project("{FAE04EC0-301F-11D3-BF4B-00C04F79EFBC}") = "Quartz", "Quartz\Quartz.csproj", "{426528EB-D093-4EEE-A577-E77C74595863}"
EndProject
Project("{FAE04EC0-301F-11D3-BF4B-00C04F79EFBC}") = "redisDemo", "redisDemo\redisDemo.csproj", "{7DAC8CB8-4E2C-4690-A717-24533A983ECF}"
EndProject
Project("{2150E333-8FDC-42A3-9474-1A3956D46DE8}") = "Redis", "Redis", "{E47BDD3B-DBEB-4B7D-860C-B4E23B33798F}"
EndProject
Project("{FAE04EC0-301F-11D3-BF4B-00C04F79EFBC}") = "RedisDemoTest", "RedisDemoTest\RedisDemoTest.csproj", "{1F5BAE0A-D34D-4862-A98B-D4DF74915B61}"
EndProject
Project("{FAE04EC0-301F-11D3-BF4B-00C04F79EFBC}") = "QRCode", "QRCode\QRCode.csproj", "{0DE06EFC-8660-4764-B89F-284C2CF837D1}"
EndProject
Project("{2150E333-8FDC-42A3-9474-1A3956D46DE8}") = "Task", "Task", "{ADE71FEA-F497-4716-842D-5F89CCCAB28F}"
EndProject
Project("{FAE04EC0-301F-11D3-BF4B-00C04F79EFBC}") = "ThreadDemo", "ThreadDemo\ThreadDemo.csproj", "{F5BA8150-424A-4725-BCA6-0E7707357414}"
EndProject
Project("{FAE04EC0-301F-11D3-BF4B-00C04F79EFBC}") = "AsyncProject", "AsyncProject\AsyncProject.csproj", "{3B4E7E70-4795-4DCF-80D5-535ED94A02C8}"
EndProject
Project("{2150E333-8FDC-42A3-9474-1A3956D46DE8}") = "Rabbitmq", "Rabbitmq", "{D79E4277-A412-427E-84D5-9A57554F491D}"
EndProject
Project("{FAE04EC0-301F-11D3-BF4B-00C04F79EFBC}") = "Rabbitmq.Producing", "Rabbitmq.Producing\Rabbitmq.Producing.csproj", "{4104DD18-4AB6-483F-8DB2-4163DF372639}"
EndProject
Project("{FAE04EC0-301F-11D3-BF4B-00C04F79EFBC}") = "Rabbitmq.Consuming", "Rabbitmq.Consuming\Rabbitmq.Consuming.csproj", "{8257BD93-6FC0-4827-909F-0912C95D426A}"
EndProject
Project("{FAE04EC0-301F-11D3-BF4B-00C04F79EFBC}") = "Log4netDemo", "Log4netDemo\Log4netDemo.csproj", "{48FFAE86-25ED-446F-AF63-C05C483F97C9}"
EndProject
Project("{2150E333-8FDC-42A3-9474-1A3956D46DE8}") = "API在线文档", "API在线文档", "{DEE8A925-3C7B-422C-BC7D-AFB0FDF6EF14}"
EndProject
Project("{FAE04EC0-301F-11D3-BF4B-00C04F79EFBC}") = "RestHelpPage", "RestHelpPage\RestHelpPage.csproj", "{2E815890-274A-42EE-8174-0C9207F09F11}"
EndProject
Project("{FAE04EC0-301F-11D3-BF4B-00C04F79EFBC}") = "RestSwaggerUI", "RestSwaggerUI\RestSwaggerUI.csproj", "{97A6A308-1438-4353-89E7-D3B3431C9B46}"
EndProject
Project("{2150E333-8FDC-42A3-9474-1A3956D46DE8}") = "Helper", "Helper", "{AF9C3A3D-AF55-468A-AE50-AD650535A5C8}"
EndProject
Project("{FAE04EC0-301F-11D3-BF4B-00C04F79EFBC}") = "Todd.Helper", "Todd.Helper\Todd.Helper.csproj", "{AEF637C2-A065-4063-ABEC-B6C160FF72E3}"
EndProject
Project("{FAE04EC0-301F-11D3-BF4B-00C04F79EFBC}") = "Todd.Helper.Test", "Todd.Helper.Test\Todd.Helper.Test.csproj", "{DCEE8D07-D6B2-444C-8251-481415851806}"
EndProject
Project("{2150E333-8FDC-42A3-9474-1A3956D46DE8}") = "Doc", "Doc", "{CF4C5AE2-755A-4974-A037-3E1D4BFA73FF}"
	ProjectSection(SolutionItems) = preProject
		收集的网址.txt = 收集的网址.txt
	EndProjectSection
EndProject
Project("{2150E333-8FDC-42A3-9474-1A3956D46DE8}") = "EFBase", "EFBase", "{F175F2C9-C54F-420E-9F26-7D09E432FF8E}"
EndProject
Project("{FAE04EC0-301F-11D3-BF4B-00C04F79EFBC}") = "EfTest.Core", "EfTest.Core\EfTest.Core.csproj", "{8696C9E9-FEE3-47F1-93C0-C5A65EB7D518}"
EndProject
Project("{FAE04EC0-301F-11D3-BF4B-00C04F79EFBC}") = "EfTest.Data.Entity", "EfTest.Data.Entity\EfTest.Data.Entity.csproj", "{39575B2F-933B-4AAD-9FAC-C2645509C0CF}"
EndProject
Project("{FAE04EC0-301F-11D3-BF4B-00C04F79EFBC}") = "OSharp.DataTest", "OSharp.DataTest\OSharp.DataTest.csproj", "{69763DC5-4CDA-46DB-A364-2EC755436D5A}"
EndProject
Project("{FAE04EC0-301F-11D3-BF4B-00C04F79EFBC}") = "EfTest.Data.Entity.samples", "EfTest.Data.Entity.samples\EfTest.Data.Entity.samples.csproj", "{FB79BA78-1F0C-489D-876C-941E3AA67B5A}"
EndProject
Project("{2150E333-8FDC-42A3-9474-1A3956D46DE8}") = "auth2", "auth2", "{89453321-D17B-452A-9C06-8DB3FA151F85}"
EndProject
Project("{FAE04EC0-301F-11D3-BF4B-00C04F79EFBC}") = "WebAuthTest", "WebAuthTest\WebAuthTest.csproj", "{0B0AF97E-778F-4D0E-A5A8-1401C148A095}"
EndProject
Global
	GlobalSection(SolutionConfigurationPlatforms) = preSolution
		Debug|Any CPU = Debug|Any CPU
		Release|Any CPU = Release|Any CPU
	EndGlobalSection
	GlobalSection(ProjectConfigurationPlatforms) = postSolution
		{D758F512-E841-413D-BD9D-C368D5FDF3E2}.Debug|Any CPU.ActiveCfg = Debug|Any CPU
		{D758F512-E841-413D-BD9D-C368D5FDF3E2}.Debug|Any CPU.Build.0 = Debug|Any CPU
		{D758F512-E841-413D-BD9D-C368D5FDF3E2}.Release|Any CPU.ActiveCfg = Release|Any CPU
		{D758F512-E841-413D-BD9D-C368D5FDF3E2}.Release|Any CPU.Build.0 = Release|Any CPU
		{426528EB-D093-4EEE-A577-E77C74595863}.Debug|Any CPU.ActiveCfg = Debug|Any CPU
		{426528EB-D093-4EEE-A577-E77C74595863}.Debug|Any CPU.Build.0 = Debug|Any CPU
		{426528EB-D093-4EEE-A577-E77C74595863}.Release|Any CPU.ActiveCfg = Release|Any CPU
		{426528EB-D093-4EEE-A577-E77C74595863}.Release|Any CPU.Build.0 = Release|Any CPU
		{7DAC8CB8-4E2C-4690-A717-24533A983ECF}.Debug|Any CPU.ActiveCfg = Debug|Any CPU
		{7DAC8CB8-4E2C-4690-A717-24533A983ECF}.Debug|Any CPU.Build.0 = Debug|Any CPU
		{7DAC8CB8-4E2C-4690-A717-24533A983ECF}.Release|Any CPU.ActiveCfg = Release|Any CPU
		{7DAC8CB8-4E2C-4690-A717-24533A983ECF}.Release|Any CPU.Build.0 = Release|Any CPU
		{1F5BAE0A-D34D-4862-A98B-D4DF74915B61}.Debug|Any CPU.ActiveCfg = Debug|Any CPU
		{1F5BAE0A-D34D-4862-A98B-D4DF74915B61}.Debug|Any CPU.Build.0 = Debug|Any CPU
		{1F5BAE0A-D34D-4862-A98B-D4DF74915B61}.Release|Any CPU.ActiveCfg = Release|Any CPU
		{1F5BAE0A-D34D-4862-A98B-D4DF74915B61}.Release|Any CPU.Build.0 = Release|Any CPU
		{0DE06EFC-8660-4764-B89F-284C2CF837D1}.Debug|Any CPU.ActiveCfg = Debug|Any CPU
		{0DE06EFC-8660-4764-B89F-284C2CF837D1}.Debug|Any CPU.Build.0 = Debug|Any CPU
		{0DE06EFC-8660-4764-B89F-284C2CF837D1}.Release|Any CPU.ActiveCfg = Release|Any CPU
		{0DE06EFC-8660-4764-B89F-284C2CF837D1}.Release|Any CPU.Build.0 = Release|Any CPU
		{F5BA8150-424A-4725-BCA6-0E7707357414}.Debug|Any CPU.ActiveCfg = Debug|Any CPU
		{F5BA8150-424A-4725-BCA6-0E7707357414}.Debug|Any CPU.Build.0 = Debug|Any CPU
		{F5BA8150-424A-4725-BCA6-0E7707357414}.Release|Any CPU.ActiveCfg = Release|Any CPU
		{F5BA8150-424A-4725-BCA6-0E7707357414}.Release|Any CPU.Build.0 = Release|Any CPU
		{3B4E7E70-4795-4DCF-80D5-535ED94A02C8}.Debug|Any CPU.ActiveCfg = Debug|Any CPU
		{3B4E7E70-4795-4DCF-80D5-535ED94A02C8}.Debug|Any CPU.Build.0 = Debug|Any CPU
		{3B4E7E70-4795-4DCF-80D5-535ED94A02C8}.Release|Any CPU.ActiveCfg = Release|Any CPU
		{3B4E7E70-4795-4DCF-80D5-535ED94A02C8}.Release|Any CPU.Build.0 = Release|Any CPU
		{4104DD18-4AB6-483F-8DB2-4163DF372639}.Debug|Any CPU.ActiveCfg = Debug|Any CPU
		{4104DD18-4AB6-483F-8DB2-4163DF372639}.Debug|Any CPU.Build.0 = Debug|Any CPU
		{4104DD18-4AB6-483F-8DB2-4163DF372639}.Release|Any CPU.ActiveCfg = Release|Any CPU
		{4104DD18-4AB6-483F-8DB2-4163DF372639}.Release|Any CPU.Build.0 = Release|Any CPU
		{8257BD93-6FC0-4827-909F-0912C95D426A}.Debug|Any CPU.ActiveCfg = Debug|Any CPU
		{8257BD93-6FC0-4827-909F-0912C95D426A}.Debug|Any CPU.Build.0 = Debug|Any CPU
		{8257BD93-6FC0-4827-909F-0912C95D426A}.Release|Any CPU.ActiveCfg = Release|Any CPU
		{8257BD93-6FC0-4827-909F-0912C95D426A}.Release|Any CPU.Build.0 = Release|Any CPU
		{48FFAE86-25ED-446F-AF63-C05C483F97C9}.Debug|Any CPU.ActiveCfg = Debug|Any CPU
		{48FFAE86-25ED-446F-AF63-C05C483F97C9}.Debug|Any CPU.Build.0 = Debug|Any CPU
		{48FFAE86-25ED-446F-AF63-C05C483F97C9}.Release|Any CPU.ActiveCfg = Release|Any CPU
		{48FFAE86-25ED-446F-AF63-C05C483F97C9}.Release|Any CPU.Build.0 = Release|Any CPU
		{2E815890-274A-42EE-8174-0C9207F09F11}.Debug|Any CPU.ActiveCfg = Debug|Any CPU
		{2E815890-274A-42EE-8174-0C9207F09F11}.Debug|Any CPU.Build.0 = Debug|Any CPU
		{2E815890-274A-42EE-8174-0C9207F09F11}.Release|Any CPU.ActiveCfg = Release|Any CPU
		{2E815890-274A-42EE-8174-0C9207F09F11}.Release|Any CPU.Build.0 = Release|Any CPU
		{97A6A308-1438-4353-89E7-D3B3431C9B46}.Debug|Any CPU.ActiveCfg = Debug|Any CPU
		{97A6A308-1438-4353-89E7-D3B3431C9B46}.Debug|Any CPU.Build.0 = Debug|Any CPU
		{97A6A308-1438-4353-89E7-D3B3431C9B46}.Release|Any CPU.ActiveCfg = Release|Any CPU
		{97A6A308-1438-4353-89E7-D3B3431C9B46}.Release|Any CPU.Build.0 = Release|Any CPU
		{AEF637C2-A065-4063-ABEC-B6C160FF72E3}.Debug|Any CPU.ActiveCfg = Debug|Any CPU
		{AEF637C2-A065-4063-ABEC-B6C160FF72E3}.Debug|Any CPU.Build.0 = Debug|Any CPU
		{AEF637C2-A065-4063-ABEC-B6C160FF72E3}.Release|Any CPU.ActiveCfg = Release|Any CPU
		{AEF637C2-A065-4063-ABEC-B6C160FF72E3}.Release|Any CPU.Build.0 = Release|Any CPU
		{DCEE8D07-D6B2-444C-8251-481415851806}.Debug|Any CPU.ActiveCfg = Debug|Any CPU
		{DCEE8D07-D6B2-444C-8251-481415851806}.Debug|Any CPU.Build.0 = Debug|Any CPU
		{DCEE8D07-D6B2-444C-8251-481415851806}.Release|Any CPU.ActiveCfg = Release|Any CPU
		{DCEE8D07-D6B2-444C-8251-481415851806}.Release|Any CPU.Build.0 = Release|Any CPU
		{8696C9E9-FEE3-47F1-93C0-C5A65EB7D518}.Debug|Any CPU.ActiveCfg = Debug|Any CPU
		{8696C9E9-FEE3-47F1-93C0-C5A65EB7D518}.Debug|Any CPU.Build.0 = Debug|Any CPU
		{8696C9E9-FEE3-47F1-93C0-C5A65EB7D518}.Release|Any CPU.ActiveCfg = Release|Any CPU
		{8696C9E9-FEE3-47F1-93C0-C5A65EB7D518}.Release|Any CPU.Build.0 = Release|Any CPU
		{39575B2F-933B-4AAD-9FAC-C2645509C0CF}.Debug|Any CPU.ActiveCfg = Debug|Any CPU
		{39575B2F-933B-4AAD-9FAC-C2645509C0CF}.Debug|Any CPU.Build.0 = Debug|Any CPU
		{39575B2F-933B-4AAD-9FAC-C2645509C0CF}.Release|Any CPU.ActiveCfg = Release|Any CPU
		{39575B2F-933B-4AAD-9FAC-C2645509C0CF}.Release|Any CPU.Build.0 = Release|Any CPU
		{69763DC5-4CDA-46DB-A364-2EC755436D5A}.Debug|Any CPU.ActiveCfg = Debug|Any CPU
		{69763DC5-4CDA-46DB-A364-2EC755436D5A}.Debug|Any CPU.Build.0 = Debug|Any CPU
		{69763DC5-4CDA-46DB-A364-2EC755436D5A}.Release|Any CPU.ActiveCfg = Release|Any CPU
		{69763DC5-4CDA-46DB-A364-2EC755436D5A}.Release|Any CPU.Build.0 = Release|Any CPU
		{FB79BA78-1F0C-489D-876C-941E3AA67B5A}.Debug|Any CPU.ActiveCfg = Debug|Any CPU
		{FB79BA78-1F0C-489D-876C-941E3AA67B5A}.Debug|Any CPU.Build.0 = Debug|Any CPU
		{FB79BA78-1F0C-489D-876C-941E3AA67B5A}.Release|Any CPU.ActiveCfg = Release|Any CPU
		{FB79BA78-1F0C-489D-876C-941E3AA67B5A}.Release|Any CPU.Build.0 = Release|Any CPU
		{0B0AF97E-778F-4D0E-A5A8-1401C148A095}.Debug|Any CPU.ActiveCfg = Debug|Any CPU
		{0B0AF97E-778F-4D0E-A5A8-1401C148A095}.Debug|Any CPU.Build.0 = Debug|Any CPU
		{0B0AF97E-778F-4D0E-A5A8-1401C148A095}.Release|Any CPU.ActiveCfg = Release|Any CPU
		{0B0AF97E-778F-4D0E-A5A8-1401C148A095}.Release|Any CPU.Build.0 = Release|Any CPU
	EndGlobalSection
	GlobalSection(SolutionProperties) = preSolution
		HideSolutionNode = FALSE
	EndGlobalSection
	GlobalSection(NestedProjects) = preSolution
		{D758F512-E841-413D-BD9D-C368D5FDF3E2} = {D0C7646F-5338-450C-9F19-67D42359F4AA}
		{7DAC8CB8-4E2C-4690-A717-24533A983ECF} = {E47BDD3B-DBEB-4B7D-860C-B4E23B33798F}
		{1F5BAE0A-D34D-4862-A98B-D4DF74915B61} = {E47BDD3B-DBEB-4B7D-860C-B4E23B33798F}
		{F5BA8150-424A-4725-BCA6-0E7707357414} = {ADE71FEA-F497-4716-842D-5F89CCCAB28F}
		{3B4E7E70-4795-4DCF-80D5-535ED94A02C8} = {ADE71FEA-F497-4716-842D-5F89CCCAB28F}
		{4104DD18-4AB6-483F-8DB2-4163DF372639} = {D79E4277-A412-427E-84D5-9A57554F491D}
		{8257BD93-6FC0-4827-909F-0912C95D426A} = {D79E4277-A412-427E-84D5-9A57554F491D}
		{48FFAE86-25ED-446F-AF63-C05C483F97C9} = {D0C7646F-5338-450C-9F19-67D42359F4AA}
		{2E815890-274A-42EE-8174-0C9207F09F11} = {DEE8A925-3C7B-422C-BC7D-AFB0FDF6EF14}
		{97A6A308-1438-4353-89E7-D3B3431C9B46} = {DEE8A925-3C7B-422C-BC7D-AFB0FDF6EF14}
		{AEF637C2-A065-4063-ABEC-B6C160FF72E3} = {AF9C3A3D-AF55-468A-AE50-AD650535A5C8}
		{DCEE8D07-D6B2-444C-8251-481415851806} = {AF9C3A3D-AF55-468A-AE50-AD650535A5C8}
		{8696C9E9-FEE3-47F1-93C0-C5A65EB7D518} = {F175F2C9-C54F-420E-9F26-7D09E432FF8E}
		{39575B2F-933B-4AAD-9FAC-C2645509C0CF} = {F175F2C9-C54F-420E-9F26-7D09E432FF8E}
		{69763DC5-4CDA-46DB-A364-2EC755436D5A} = {F175F2C9-C54F-420E-9F26-7D09E432FF8E}
		{FB79BA78-1F0C-489D-876C-941E3AA67B5A} = {F175F2C9-C54F-420E-9F26-7D09E432FF8E}
	EndGlobalSection
EndGlobal
