
Microsoft Visual Studio Solution File, Format Version 12.00
# Visual Studio 14
VisualStudioVersion = 14.0.25123.0
MinimumVisualStudioVersion = 10.0.40219.1
Project("{FAE04EC0-301F-11D3-BF4B-00C04F79EFBC}") = "NlogDemo", "NlogDemo\NlogDemo.csproj", "{D758F512-E841-413D-BD9D-C368D5FDF3E2}"
EndProject
Project("{2150E333-8FDC-42A3-9474-1A3956D46DE8}") = "Log", "Log", "{D0C7646F-5338-450C-9F19-67D42359F4AA}"
EndProject
Project("{FAE04EC0-301F-11D3-BF4B-00C04F79EFBC}") = "Quartz", "Quartz\Quartz.csproj", "{426528EB-D093-4EEE-A577-E77C74595863}"
EndProject
Project("{FAE04EC0-301F-11D3-BF4B-00C04F79EFBC}") = "redisDemo", "redisDemo\redisDemo.csproj", "{7DAC8CB8-4E2C-4690-A717-24533A983ECF}"
EndProject
Project("{2150E333-8FDC-42A3-9474-1A3956D46DE8}") = "Redis", "Redis", "{E47BDD3B-DBEB-4B7D-860C-B4E23B33798F}"
EndProject
Project("{FAE04EC0-301F-11D3-BF4B-00C04F79EFBC}") = "RedisDemoTest", "RedisDemoTest\RedisDemoTest.csproj", "{1F5BAE0A-D34D-4862-A98B-D4DF74915B61}"
EndProject
Project("{FAE04EC0-301F-11D3-BF4B-00C04F79EFBC}") = "QRCode", "QRCode\QRCode.csproj", "{0DE06EFC-8660-4764-B89F-284C2CF837D1}"
EndProject
Project("{2150E333-8FDC-42A3-9474-1A3956D46DE8}") = "Task", "Task", "{ADE71FEA-F497-4716-842D-5F89CCCAB28F}"
EndProject
Project("{FAE04EC0-301F-11D3-BF4B-00C04F79EFBC}") = "ThreadDemo", "ThreadDemo\ThreadDemo.csproj", "{F5BA8150-424A-4725-BCA6-0E7707357414}"
EndProject
Project("{FAE04EC0-301F-11D3-BF4B-00C04F79EFBC}") = "AsyncProject", "AsyncProject\AsyncProject.csproj", "{3B4E7E70-4795-4DCF-80D5-535ED94A02C8}"
EndProject
Project("{2150E333-8FDC-42A3-9474-1A3956D46DE8}") = "Rabbitmq", "Rabbitmq", "{D79E4277-A412-427E-84D5-9A57554F491D}"
EndProject
Project("{FAE04EC0-301F-11D3-BF4B-00C04F79EFBC}") = "Rabbitmq.Producing", "Rabbitmq.Producing\Rabbitmq.Producing.csproj", "{4104DD18-4AB6-483F-8DB2-4163DF372639}"
EndProject
Project("{FAE04EC0-301F-11D3-BF4B-00C04F79EFBC}") = "Rabbitmq.Consuming", "Rabbitmq.Consuming\Rabbitmq.Consuming.csproj", "{8257BD93-6FC0-4827-909F-0912C95D426A}"
EndProject
Global
	GlobalSection(SolutionConfigurationPlatforms) = preSolution
		Debug|Any CPU = Debug|Any CPU
		Release|Any CPU = Release|Any CPU
	EndGlobalSection
	GlobalSection(ProjectConfigurationPlatforms) = postSolution
		{D758F512-E841-413D-BD9D-C368D5FDF3E2}.Debug|Any CPU.ActiveCfg = Debug|Any CPU
		{D758F512-E841-413D-BD9D-C368D5FDF3E2}.Debug|Any CPU.Build.0 = Debug|Any CPU
		{D758F512-E841-413D-BD9D-C368D5FDF3E2}.Release|Any CPU.ActiveCfg = Release|Any CPU
		{D758F512-E841-413D-BD9D-C368D5FDF3E2}.Release|Any CPU.Build.0 = Release|Any CPU
		{426528EB-D093-4EEE-A577-E77C74595863}.Debug|Any CPU.ActiveCfg = Debug|Any CPU
		{426528EB-D093-4EEE-A577-E77C74595863}.Debug|Any CPU.Build.0 = Debug|Any CPU
		{426528EB-D093-4EEE-A577-E77C74595863}.Release|Any CPU.ActiveCfg = Release|Any CPU
		{426528EB-D093-4EEE-A577-E77C74595863}.Release|Any CPU.Build.0 = Release|Any CPU
		{7DAC8CB8-4E2C-4690-A717-24533A983ECF}.Debug|Any CPU.ActiveCfg = Debug|Any CPU
		{7DAC8CB8-4E2C-4690-A717-24533A983ECF}.Debug|Any CPU.Build.0 = Debug|Any CPU
		{7DAC8CB8-4E2C-4690-A717-24533A983ECF}.Release|Any CPU.ActiveCfg = Release|Any CPU
		{7DAC8CB8-4E2C-4690-A717-24533A983ECF}.Release|Any CPU.Build.0 = Release|Any CPU
		{1F5BAE0A-D34D-4862-A98B-D4DF74915B61}.Debug|Any CPU.ActiveCfg = Debug|Any CPU
		{1F5BAE0A-D34D-4862-A98B-D4DF74915B61}.Debug|Any CPU.Build.0 = Debug|Any CPU
		{1F5BAE0A-D34D-4862-A98B-D4DF74915B61}.Release|Any CPU.ActiveCfg = Release|Any CPU
		{1F5BAE0A-D34D-4862-A98B-D4DF74915B61}.Release|Any CPU.Build.0 = Release|Any CPU
		{0DE06EFC-8660-4764-B89F-284C2CF837D1}.Debug|Any CPU.ActiveCfg = Debug|Any CPU
		{0DE06EFC-8660-4764-B89F-284C2CF837D1}.Debug|Any CPU.Build.0 = Debug|Any CPU
		{0DE06EFC-8660-4764-B89F-284C2CF837D1}.Release|Any CPU.ActiveCfg = Release|Any CPU
		{0DE06EFC-8660-4764-B89F-284C2CF837D1}.Release|Any CPU.Build.0 = Release|Any CPU
		{F5BA8150-424A-4725-BCA6-0E7707357414}.Debug|Any CPU.ActiveCfg = Debug|Any CPU
		{F5BA8150-424A-4725-BCA6-0E7707357414}.Debug|Any CPU.Build.0 = Debug|Any CPU
		{F5BA8150-424A-4725-BCA6-0E7707357414}.Release|Any CPU.ActiveCfg = Release|Any CPU
		{F5BA8150-424A-4725-BCA6-0E7707357414}.Release|Any CPU.Build.0 = Release|Any CPU
		{3B4E7E70-4795-4DCF-80D5-535ED94A02C8}.Debug|Any CPU.ActiveCfg = Debug|Any CPU
		{3B4E7E70-4795-4DCF-80D5-535ED94A02C8}.Debug|Any CPU.Build.0 = Debug|Any CPU
		{3B4E7E70-4795-4DCF-80D5-535ED94A02C8}.Release|Any CPU.ActiveCfg = Release|Any CPU
		{3B4E7E70-4795-4DCF-80D5-535ED94A02C8}.Release|Any CPU.Build.0 = Release|Any CPU
		{4104DD18-4AB6-483F-8DB2-4163DF372639}.Debug|Any CPU.ActiveCfg = Debug|Any CPU
		{4104DD18-4AB6-483F-8DB2-4163DF372639}.Debug|Any CPU.Build.0 = Debug|Any CPU
		{4104DD18-4AB6-483F-8DB2-4163DF372639}.Release|Any CPU.ActiveCfg = Release|Any CPU
		{4104DD18-4AB6-483F-8DB2-4163DF372639}.Release|Any CPU.Build.0 = Release|Any CPU
		{8257BD93-6FC0-4827-909F-0912C95D426A}.Debug|Any CPU.ActiveCfg = Debug|Any CPU
		{8257BD93-6FC0-4827-909F-0912C95D426A}.Debug|Any CPU.Build.0 = Debug|Any CPU
		{8257BD93-6FC0-4827-909F-0912C95D426A}.Release|Any CPU.ActiveCfg = Release|Any CPU
		{8257BD93-6FC0-4827-909F-0912C95D426A}.Release|Any CPU.Build.0 = Release|Any CPU
	EndGlobalSection
	GlobalSection(SolutionProperties) = preSolution
		HideSolutionNode = FALSE
	EndGlobalSection
	GlobalSection(NestedProjects) = preSolution
		{D758F512-E841-413D-BD9D-C368D5FDF3E2} = {D0C7646F-5338-450C-9F19-67D42359F4AA}
		{7DAC8CB8-4E2C-4690-A717-24533A983ECF} = {E47BDD3B-DBEB-4B7D-860C-B4E23B33798F}
		{1F5BAE0A-D34D-4862-A98B-D4DF74915B61} = {E47BDD3B-DBEB-4B7D-860C-B4E23B33798F}
		{F5BA8150-424A-4725-BCA6-0E7707357414} = {ADE71FEA-F497-4716-842D-5F89CCCAB28F}
		{3B4E7E70-4795-4DCF-80D5-535ED94A02C8} = {ADE71FEA-F497-4716-842D-5F89CCCAB28F}
		{4104DD18-4AB6-483F-8DB2-4163DF372639} = {D79E4277-A412-427E-84D5-9A57554F491D}
		{8257BD93-6FC0-4827-909F-0912C95D426A} = {D79E4277-A412-427E-84D5-9A57554F491D}
	EndGlobalSection
EndGlobal
